
Microsoft Visual Studio Solution File, Format Version 12.00
# Visual Studio Express 2012 for Windows Desktop
Project("{FAE04EC0-301F-11D3-BF4B-00C04F79EFBC}") = "Interpreter", "Interpreter\Interpreter.csproj", "{03552463-4349-44EC-A98A-F7CDF4856079}"
EndProject
Global
	GlobalSection(SolutionConfigurationPlatforms) = preSolution
		Debug|Any CPU = Debug|Any CPU
		Release|Any CPU = Release|Any CPU
	EndGlobalSection
	GlobalSection(ProjectConfigurationPlatforms) = postSolution
		{03552463-4349-44EC-A98A-F7CDF4856079}.Debug|Any CPU.ActiveCfg = Debug|Any CPU
		{03552463-4349-44EC-A98A-F7CDF4856079}.Debug|Any CPU.Build.0 = Debug|Any CPU
		{03552463-4349-44EC-A98A-F7CDF4856079}.Release|Any CPU.ActiveCfg = Release|Any CPU
		{03552463-4349-44EC-A98A-F7CDF4856079}.Release|Any CPU.Build.0 = Release|Any CPU
	EndGlobalSection
	GlobalSection(SolutionProperties) = preSolution
		HideSolutionNode = FALSE
	EndGlobalSection
EndGlobal
